
Microsoft Visual Studio Solution File, Format Version 12.00
# Visual Studio Version 17
VisualStudioVersion = 17.13.35825.156 d17.13
MinimumVisualStudioVersion = 10.0.40219.1
Project("{FAE04EC0-301F-11D3-BF4B-00C04F79EFBC}") = "EMP_WPF_FR", "EMP_WPF_FR.csproj", "{3ECC2B0B-AF0F-4710-A1CC-BCD31330FE14}"
EndProject
Global
	GlobalSection(SolutionConfigurationPlatforms) = preSolution
		Debug|Any CPU = Debug|Any CPU
		Release|Any CPU = Release|Any CPU
	EndGlobalSection
	GlobalSection(ProjectConfigurationPlatforms) = postSolution
		{3ECC2B0B-AF0F-4710-A1CC-BCD31330FE14}.Debug|Any CPU.ActiveCfg = Debug|Any CPU
		{3ECC2B0B-AF0F-4710-A1CC-BCD31330FE14}.Debug|Any CPU.Build.0 = Debug|Any CPU
		{3ECC2B0B-AF0F-4710-A1CC-BCD31330FE14}.Release|Any CPU.ActiveCfg = Release|Any CPU
		{3ECC2B0B-AF0F-4710-A1CC-BCD31330FE14}.Release|Any CPU.Build.0 = Release|Any CPU
	EndGlobalSection
	GlobalSection(SolutionProperties) = preSolution
		HideSolutionNode = FALSE
	EndGlobalSection
	GlobalSection(ExtensibilityGlobals) = postSolution
		SolutionGuid = {EE411618-BADB-4A40-A730-4BBC5BEE33D0}
	EndGlobalSection
EndGlobal
